PODS:
  - AFNetworking (3.2.1):
    - AFNetworking/NSURLSession (= 3.2.1)
    - AFNetworking/Reachability (= 3.2.1)
    - AFNetworking/Security (= 3.2.1)
    - AFNetworking/Serialization (= 3.2.1)
    - AFNetworking/UIKit (= 3.2.1)
  - AFNetworking/NSURLSession (3.2.1):
    - AFNetworking/Reachability
    - AFNetworking/Security
    - AFNetworking/Serialization
  - AFNetworking/Reachability (3.2.1)
  - AFNetworking/Security (3.2.1)
  - AFNetworking/Serialization (3.2.1)
  - AFNetworking/UIKit (3.2.1):
    - AFNetworking/NSURLSession
  - IQKeyboardManager (6.1.1)
  - Masonry (1.1.0)
  - SGQRCode (2.2.0)
  - SparrowSDK (1.4.1):
    - AFNetworking
    - Masonry
    - SGQRCode (~> 2.2.0)
    - SVProgressHUD
  - SVProgressHUD (2.2.5)

DEPENDENCIES:
  - IQKeyboardManager
  - SparrowSDK (from `../`)

SPEC REPOS:
  https://github.com/cocoapods/specs.git:
    - AFNetworking
    - IQKeyboardManager
    - Masonry
    - SGQRCode
    - SVProgressHUD

EXTERNAL SOURCES:
  SparrowSDK:
    :path: "../"

SPEC CHECKSUMS:
  AFNetworking: b6f891fdfaed196b46c7a83cf209e09697b94057
  IQKeyboardManager: 79c57795f5c2408d259d37b9da2ed07efcbb5225
  Masonry: 678fab65091a9290e40e2832a55e7ab731aad201
  SGQRCode: 6cd7f03ea6b74d1267820d427b07d1451b387c79
  SparrowSDK: b9effb118388bd369d528abbb5200e1f6e991ad2
  SVProgressHUD: 1428aafac632c1f86f62aa4243ec12008d7a51d6

PODFILE CHECKSUM: 45446534c93f3843d2ecd89580d848a19c2a639a

COCOAPODS: 1.5.3
